// !$*UTF8*$!
{
	archiveVersion = 1;
	classes = {
	};
	objectVersion = 56;
	objects = {

/* Begin PBXBuildFile section */
		8138F3DD2C2E2661001CA54B /* CoreData.framework in Frameworks */ = {isa = PBXBuildFile; fileRef = 81F711692C2E12C700F25E31 /* CoreData.framework */; };
		8140F23A2C311B68000B8A6B /* FavoriteGame.xcdatamodeld in Sources */ = {isa = PBXBuildFile; fileRef = 8140F2382C311B68000B8A6B /* FavoriteGame.xcdatamodeld */; };
		8140F23C2C311BD9000B8A6B /* FavoriteView.swift in Sources */ = {isa = PBXBuildFile; fileRef = 8140F23B2C311BD9000B8A6B /* FavoriteView.swift */; };
		8140F2402C311DE1000B8A6B /* DataController.swift in Sources */ = {isa = PBXBuildFile; fileRef = 8140F23F2C311DE1000B8A6B /* DataController.swift */; };
		814797E22C2D029600B1444C /* GameCard.swift in Sources */ = {isa = PBXBuildFile; fileRef = 814797E12C2D029600B1444C /* GameCard.swift */; };
		814797E42C2D0E9D00B1444C /* ContentView.swift in Sources */ = {isa = PBXBuildFile; fileRef = 814797E32C2D0E9D00B1444C /* ContentView.swift */; };
		817808462C32F27E00A3F70C /* FavoriteDetailView.swift in Sources */ = {isa = PBXBuildFile; fileRef = 817808452C32F27E00A3F70C /* FavoriteDetailView.swift */; };
		81C2F0EE2C2C120900253193 /* Game_catalogApp.swift in Sources */ = {isa = PBXBuildFile; fileRef = 81C2F0ED2C2C120900253193 /* Game_catalogApp.swift */; };
		81C2F0F22C2C120B00253193 /* Assets.xcassets in Resources */ = {isa = PBXBuildFile; fileRef = 81C2F0F12C2C120B00253193 /* Assets.xcassets */; };
		81C2F0F52C2C120B00253193 /* Preview Assets.xcassets in Resources */ = {isa = PBXBuildFile; fileRef = 81C2F0F42C2C120B00253193 /* Preview Assets.xcassets */; };
		81C2F11B2C2C157C00253193 /* GameModel.swift in Sources */ = {isa = PBXBuildFile; fileRef = 81C2F11A2C2C157C00253193 /* GameModel.swift */; };
		81C2F11D2C2C159100253193 /* NetworkManager.swift in Sources */ = {isa = PBXBuildFile; fileRef = 81C2F11C2C2C159100253193 /* NetworkManager.swift */; };
		81C2F11F2C2C15AF00253193 /* GameViewModel.swift in Sources */ = {isa = PBXBuildFile; fileRef = 81C2F11E2C2C15AF00253193 /* GameViewModel.swift */; };
		81C2F1212C2C15C400253193 /* HomeView.swift in Sources */ = {isa = PBXBuildFile; fileRef = 81C2F1202C2C15C400253193 /* HomeView.swift */; };
		81C2F1232C2C15D800253193 /* AboutView.swift in Sources */ = {isa = PBXBuildFile; fileRef = 81C2F1222C2C15D800253193 /* AboutView.swift */; };
		81C2F1252C2C15E900253193 /* DetailView.swift in Sources */ = {isa = PBXBuildFile; fileRef = 81C2F1242C2C15E900253193 /* DetailView.swift */; };
		81C2F1272C2C21F400253193 /* GameRow.swift in Sources */ = {isa = PBXBuildFile; fileRef = 81C2F1262C2C21F400253193 /* GameRow.swift */; };
/* End PBXBuildFile section */

/* Begin PBXFileReference section */
		8140F2392C311B68000B8A6B /* FavoriteGame.xcdatamodel */ = {isa = PBXFileReference; lastKnownFileType = wrapper.xcdatamodel; path = FavoriteGame.xcdatamodel; sourceTree = "<group>"; };
		8140F23B2C311BD9000B8A6B /* FavoriteView.swift */ = {isa = PBXFileReference; lastKnownFileType = sourcecode.swift; path = FavoriteView.swift; sourceTree = "<group>"; };
		8140F23F2C311DE1000B8A6B /* DataController.swift */ = {isa = PBXFileReference; lastKnownFileType = sourcecode.swift; path = DataController.swift; sourceTree = "<group>"; };
		814797E12C2D029600B1444C /* GameCard.swift */ = {isa = PBXFileReference; lastKnownFileType = sourcecode.swift; path = GameCard.swift; sourceTree = "<group>"; };
		814797E32C2D0E9D00B1444C /* ContentView.swift */ = {isa = PBXFileReference; lastKnownFileType = sourcecode.swift; path = ContentView.swift; sourceTree = "<group>"; };
		817808452C32F27E00A3F70C /* FavoriteDetailView.swift */ = {isa = PBXFileReference; lastKnownFileType = sourcecode.swift; path = FavoriteDetailView.swift; sourceTree = "<group>"; };
		81C2F0EA2C2C120900253193 /* Game catalog.app */ = {isa = PBXFileReference; explicitFileType = wrapper.application; includeInIndex = 0; path = "Game catalog.app"; sourceTree = BUILT_PRODUCTS_DIR; };
		81C2F0ED2C2C120900253193 /* Game_catalogApp.swift */ = {isa = PBXFileReference; lastKnownFileType = sourcecode.swift; path = Game_catalogApp.swift; sourceTree = "<group>"; };
		81C2F0F12C2C120B00253193 /* Assets.xcassets */ = {isa = PBXFileReference; lastKnownFileType = folder.assetcatalog; path = Assets.xcassets; sourceTree = "<group>"; };
		81C2F0F42C2C120B00253193 /* Preview Assets.xcassets */ = {isa = PBXFileReference; lastKnownFileType = folder.assetcatalog; path = "Preview Assets.xcassets"; sourceTree = "<group>"; };
		81C2F11A2C2C157C00253193 /* GameModel.swift */ = {isa = PBXFileReference; lastKnownFileType = sourcecode.swift; path = GameModel.swift; sourceTree = "<group>"; };
		81C2F11C2C2C159100253193 /* NetworkManager.swift */ = {isa = PBXFileReference; lastKnownFileType = sourcecode.swift; path = NetworkManager.swift; sourceTree = "<group>"; };
		81C2F11E2C2C15AF00253193 /* GameViewModel.swift */ = {isa = PBXFileReference; lastKnownFileType = sourcecode.swift; path = GameViewModel.swift; sourceTree = "<group>"; };
		81C2F1202C2C15C400253193 /* HomeView.swift */ = {isa = PBXFileReference; lastKnownFileType = sourcecode.swift; path = HomeView.swift; sourceTree = "<group>"; };
		81C2F1222C2C15D800253193 /* AboutView.swift */ = {isa = PBXFileReference; lastKnownFileType = sourcecode.swift; path = AboutView.swift; sourceTree = "<group>"; };
		81C2F1242C2C15E900253193 /* DetailView.swift */ = {isa = PBXFileReference; lastKnownFileType = sourcecode.swift; path = DetailView.swift; sourceTree = "<group>"; };
		81C2F1262C2C21F400253193 /* GameRow.swift */ = {isa = PBXFileReference; lastKnownFileType = sourcecode.swift; path = GameRow.swift; sourceTree = "<group>"; };
		81F711692C2E12C700F25E31 /* CoreData.framework */ = {isa = PBXFileReference; lastKnownFileType = wrapper.framework; name = CoreData.framework; path = System/Library/Frameworks/CoreData.framework; sourceTree = SDKROOT; };
/* End PBXFileReference section */

/* Begin PBXFrameworksBuildPhase section */
		81C2F0E72C2C120900253193 /* Frameworks */ = {
			isa = PBXFrameworksBuildPhase;
			buildActionMask = 2147483647;
			files = (
				8138F3DD2C2E2661001CA54B /* CoreData.framework in Frameworks */,
			);
			runOnlyForDeploymentPostprocessing = 0;
		};
/* End PBXFrameworksBuildPhase section */

/* Begin PBXGroup section */
		8140F2372C311B56000B8A6B /* CoreData */ = {
			isa = PBXGroup;
			children = (
				8140F2382C311B68000B8A6B /* FavoriteGame.xcdatamodeld */,
				8140F23F2C311DE1000B8A6B /* DataController.swift */,
			);
			path = CoreData;
			sourceTree = "<group>";
		};
		81C2F0E12C2C120900253193 = {
			isa = PBXGroup;
			children = (
				81C2F0EC2C2C120900253193 /* Game catalog */,
				81C2F0EB2C2C120900253193 /* Products */,
				81F711682C2E12C600F25E31 /* Frameworks */,
			);
			sourceTree = "<group>";
		};
		81C2F0EB2C2C120900253193 /* Products */ = {
			isa = PBXGroup;
			children = (
				81C2F0EA2C2C120900253193 /* Game catalog.app */,
			);
			name = Products;
			sourceTree = "<group>";
		};
		81C2F0EC2C2C120900253193 /* Game catalog */ = {
			isa = PBXGroup;
			children = (
				81C2F0ED2C2C120900253193 /* Game_catalogApp.swift */,
				814797E32C2D0E9D00B1444C /* ContentView.swift */,
				8140F2372C311B56000B8A6B /* CoreData */,
				81C2F1192C2C157000253193 /* View */,
				81C2F1182C2C156A00253193 /* ViewModel */,
				81C2F1172C2C156400253193 /* Model */,
				81C2F0F12C2C120B00253193 /* Assets.xcassets */,
				81C2F0F32C2C120B00253193 /* Preview Content */,
			);
			path = "Game catalog";
			sourceTree = "<group>";
		};
		81C2F0F32C2C120B00253193 /* Preview Content */ = {
			isa = PBXGroup;
			children = (
				81C2F0F42C2C120B00253193 /* Preview Assets.xcassets */,
			);
			path = "Preview Content";
			sourceTree = "<group>";
		};
		81C2F1172C2C156400253193 /* Model */ = {
			isa = PBXGroup;
			children = (
				81C2F11A2C2C157C00253193 /* GameModel.swift */,
				81C2F11C2C2C159100253193 /* NetworkManager.swift */,
			);
			path = Model;
			sourceTree = "<group>";
		};
		81C2F1182C2C156A00253193 /* ViewModel */ = {
			isa = PBXGroup;
			children = (
				81C2F11E2C2C15AF00253193 /* GameViewModel.swift */,
			);
			path = ViewModel;
			sourceTree = "<group>";
		};
		81C2F1192C2C157000253193 /* View */ = {
			isa = PBXGroup;
			children = (
				81C2F1202C2C15C400253193 /* HomeView.swift */,
				8140F23B2C311BD9000B8A6B /* FavoriteView.swift */,
				817808452C32F27E00A3F70C /* FavoriteDetailView.swift */,
				81C2F1222C2C15D800253193 /* AboutView.swift */,
				81C2F1242C2C15E900253193 /* DetailView.swift */,
				814797E12C2D029600B1444C /* GameCard.swift */,
				81C2F1262C2C21F400253193 /* GameRow.swift */,
			);
			path = View;
			sourceTree = "<group>";
		};
		81F711682C2E12C600F25E31 /* Frameworks */ = {
			isa = PBXGroup;
			children = (
				81F711692C2E12C700F25E31 /* CoreData.framework */,
			);
			name = Frameworks;
			sourceTree = "<group>";
		};
/* End PBXGroup section */

/* Begin PBXNativeTarget section */
		81C2F0E92C2C120900253193 /* Game catalog */ = {
			isa = PBXNativeTarget;
			buildConfigurationList = 81C2F10E2C2C120C00253193 /* Build configuration list for PBXNativeTarget "Game catalog" */;
			buildPhases = (
				81C2F0E62C2C120900253193 /* Sources */,
				81C2F0E72C2C120900253193 /* Frameworks */,
				81C2F0E82C2C120900253193 /* Resources */,
			);
			buildRules = (
			);
			dependencies = (
			);
			name = "Game catalog";
			productName = "Game catalog";
			productReference = 81C2F0EA2C2C120900253193 /* Game catalog.app */;
			productType = "com.apple.product-type.application";
		};
/* End PBXNativeTarget section */

/* Begin PBXProject section */
		81C2F0E22C2C120900253193 /* Project object */ = {
			isa = PBXProject;
			attributes = {
				BuildIndependentTargetsInParallel = 1;
				LastSwiftUpdateCheck = 1530;
				LastUpgradeCheck = 1530;
				TargetAttributes = {
					81C2F0E92C2C120900253193 = {
						CreatedOnToolsVersion = 15.3;
					};
				};
			};
			buildConfigurationList = 81C2F0E52C2C120900253193 /* Build configuration list for PBXProject "Game catalog" */;
			compatibilityVersion = "Xcode 14.0";
			developmentRegion = en;
			hasScannedForEncodings = 0;
			knownRegions = (
				en,
				Base,
			);
			mainGroup = 81C2F0E12C2C120900253193;
			productRefGroup = 81C2F0EB2C2C120900253193 /* Products */;
			projectDirPath = "";
			projectRoot = "";
			targets = (
				81C2F0E92C2C120900253193 /* Game catalog */,
			);
		};
/* End PBXProject section */

/* Begin PBXResourcesBuildPhase section */
		81C2F0E82C2C120900253193 /* Resources */ = {
			isa = PBXResourcesBuildPhase;
			buildActionMask = 2147483647;
			files = (
				81C2F0F52C2C120B00253193 /* Preview Assets.xcassets in Resources */,
				81C2F0F22C2C120B00253193 /* Assets.xcassets in Resources */,
			);
			runOnlyForDeploymentPostprocessing = 0;
		};
/* End PBXResourcesBuildPhase section */

/* Begin PBXSourcesBuildPhase section */
		81C2F0E62C2C120900253193 /* Sources */ = {
			isa = PBXSourcesBuildPhase;
			buildActionMask = 2147483647;
			files = (
				81C2F11D2C2C159100253193 /* NetworkManager.swift in Sources */,
				817808462C32F27E00A3F70C /* FavoriteDetailView.swift in Sources */,
				814797E42C2D0E9D00B1444C /* ContentView.swift in Sources */,
				81C2F1252C2C15E900253193 /* DetailView.swift in Sources */,
				81C2F1272C2C21F400253193 /* GameRow.swift in Sources */,
				81C2F1232C2C15D800253193 /* AboutView.swift in Sources */,
				814797E22C2D029600B1444C /* GameCard.swift in Sources */,
				8140F2402C311DE1000B8A6B /* DataController.swift in Sources */,
				81C2F11F2C2C15AF00253193 /* GameViewModel.swift in Sources */,
				8140F23C2C311BD9000B8A6B /* FavoriteView.swift in Sources */,
				81C2F1212C2C15C400253193 /* HomeView.swift in Sources */,
				81C2F0EE2C2C120900253193 /* Game_catalogApp.swift in Sources */,
				81C2F11B2C2C157C00253193 /* GameModel.swift in Sources */,
				8140F23A2C311B68000B8A6B /* FavoriteGame.xcdatamodeld in Sources */,
			);
			runOnlyForDeploymentPostprocessing = 0;
		};
/* End PBXSourcesBuildPhase section */

/* Begin XCBuildConfiguration section */
		81C2F10C2C2C120C00253193 /* Debug */ = {
			isa = XCBuildConfiguration;
			buildSettings = {
				ALWAYS_SEARCH_USER_PATHS = NO;
				ASSETCATALOG_COMPILER_GENERATE_SWIFT_ASSET_SYMBOL_EXTENSIONS = YES;
				CLANG_ANALYZER_NONNULL = YES;
				CLANG_ANALYZER_NUMBER_OBJECT_CONVERSION = YES_AGGRESSIVE;
				CLANG_CXX_LANGUAGE_STANDARD = "gnu++20";
				CLANG_ENABLE_MODULES = YES;
				CLANG_ENABLE_OBJC_ARC = YES;
				CLANG_ENABLE_OBJC_WEAK = YES;
				CLANG_WARN_BLOCK_CAPTURE_AUTORELEASING = YES;
				CLANG_WARN_BOOL_CONVERSION = YES;
				CLANG_WARN_COMMA = YES;
				CLANG_WARN_CONSTANT_CONVERSION = YES;
				CLANG_WARN_DEPRECATED_OBJC_IMPLEMENTATIONS = YES;
				CLANG_WARN_DIRECT_OBJC_ISA_USAGE = YES_ERROR;
				CLANG_WARN_DOCUMENTATION_COMMENTS = YES;
				CLANG_WARN_EMPTY_BODY = YES;
				CLANG_WARN_ENUM_CONVERSION = YES;
				CLANG_WARN_INFINITE_RECURSION = YES;
				CLANG_WARN_INT_CONVERSION = YES;
				CLANG_WARN_NON_LITERAL_NULL_CONVERSION = YES;
				CLANG_WARN_OBJC_IMPLICIT_RETAIN_SELF = YES;
				CLANG_WARN_OBJC_LITERAL_CONVERSION = YES;
				CLANG_WARN_OBJC_ROOT_CLASS = YES_ERROR;
				CLANG_WARN_QUOTED_INCLUDE_IN_FRAMEWORK_HEADER = YES;
				CLANG_WARN_RANGE_LOOP_ANALYSIS = YES;
				CLANG_WARN_STRICT_PROTOTYPES = YES;
				CLANG_WARN_SUSPICIOUS_MOVE = YES;
				CLANG_WARN_UNGUARDED_AVAILABILITY = YES_AGGRESSIVE;
				CLANG_WARN_UNREACHABLE_CODE = YES;
				CLANG_WARN__DUPLICATE_METHOD_MATCH = YES;
				COPY_PHASE_STRIP = NO;
				DEBUG_INFORMATION_FORMAT = dwarf;
				ENABLE_STRICT_OBJC_MSGSEND = YES;
				ENABLE_TESTABILITY = YES;
				ENABLE_USER_SCRIPT_SANDBOXING = YES;
				GCC_C_LANGUAGE_STANDARD = gnu17;
				GCC_DYNAMIC_NO_PIC = NO;
				GCC_NO_COMMON_BLOCKS = YES;
				GCC_OPTIMIZATION_LEVEL = 0;
				GCC_PREPROCESSOR_DEFINITIONS = (
					"DEBUG=1",
					"$(inherited)",
				);
				GCC_WARN_64_TO_32_BIT_CONVERSION = YES;
				GCC_WARN_ABOUT_RETURN_TYPE = YES_ERROR;
				GCC_WARN_UNDECLARED_SELECTOR = YES;
				GCC_WARN_UNINITIALIZED_AUTOS = YES_AGGRESSIVE;
				GCC_WARN_UNUSED_FUNCTION = YES;
				GCC_WARN_UNUSED_VARIABLE = YES;
				IPHONEOS_DEPLOYMENT_TARGET = 17.4;
				LOCALIZATION_PREFERS_STRING_CATALOGS = YES;
				MTL_ENABLE_DEBUG_INFO = INCLUDE_SOURCE;
				MTL_FAST_MATH = YES;
				ONLY_ACTIVE_ARCH = YES;
				SDKROOT = iphoneos;
				SWIFT_ACTIVE_COMPILATION_CONDITIONS = "DEBUG $(inherited)";
				SWIFT_OPTIMIZATION_LEVEL = "-Onone";
			};
			name = Debug;
		};
		81C2F10D2C2C120C00253193 /* Release */ = {
			isa = XCBuildConfiguration;
			buildSettings = {
				ALWAYS_SEARCH_USER_PATHS = NO;
				ASSETCATALOG_COMPILER_GENERATE_SWIFT_ASSET_SYMBOL_EXTENSIONS = YES;
				CLANG_ANALYZER_NONNULL = YES;
				CLANG_ANALYZER_NUMBER_OBJECT_CONVERSION = YES_AGGRESSIVE;
				CLANG_CXX_LANGUAGE_STANDARD = "gnu++20";
				CLANG_ENABLE_MODULES = YES;
				CLANG_ENABLE_OBJC_ARC = YES;
				CLANG_ENABLE_OBJC_WEAK = YES;
				CLANG_WARN_BLOCK_CAPTURE_AUTORELEASING = YES;
				CLANG_WARN_BOOL_CONVERSION = YES;
				CLANG_WARN_COMMA = YES;
				CLANG_WARN_CONSTANT_CONVERSION = YES;
				CLANG_WARN_DEPRECATED_OBJC_IMPLEMENTATIONS = YES;
				CLANG_WARN_DIRECT_OBJC_ISA_USAGE = YES_ERROR;
				CLANG_WARN_DOCUMENTATION_COMMENTS = YES;
				CLANG_WARN_EMPTY_BODY = YES;
				CLANG_WARN_ENUM_CONVERSION = YES;
				CLANG_WARN_INFINITE_RECURSION = YES;
				CLANG_WARN_INT_CONVERSION = YES;
				CLANG_WARN_NON_LITERAL_NULL_CONVERSION = YES;
				CLANG_WARN_OBJC_IMPLICIT_RETAIN_SELF = YES;
				CLANG_WARN_OBJC_LITERAL_CONVERSION = YES;
				CLANG_WARN_OBJC_ROOT_CLASS = YES_ERROR;
				CLANG_WARN_QUOTED_INCLUDE_IN_FRAMEWORK_HEADER = YES;
				CLANG_WARN_RANGE_LOOP_ANALYSIS = YES;
				CLANG_WARN_STRICT_PROTOTYPES = YES;
				CLANG_WARN_SUSPICIOUS_MOVE = YES;
				CLANG_WARN_UNGUARDED_AVAILABILITY = YES_AGGRESSIVE;
				CLANG_WARN_UNREACHABLE_CODE = YES;
				CLANG_WARN__DUPLICATE_METHOD_MATCH = YES;
				COPY_PHASE_STRIP = NO;
				DEBUG_INFORMATION_FORMAT = "dwarf-with-dsym";
				ENABLE_NS_ASSERTIONS = NO;
				ENABLE_STRICT_OBJC_MSGSEND = YES;
				ENABLE_USER_SCRIPT_SANDBOXING = YES;
				GCC_C_LANGUAGE_STANDARD = gnu17;
				GCC_NO_COMMON_BLOCKS = YES;
				GCC_WARN_64_TO_32_BIT_CONVERSION = YES;
				GCC_WARN_ABOUT_RETURN_TYPE = YES_ERROR;
				GCC_WARN_UNDECLARED_SELECTOR = YES;
				GCC_WARN_UNINITIALIZED_AUTOS = YES_AGGRESSIVE;
				GCC_WARN_UNUSED_FUNCTION = YES;
				GCC_WARN_UNUSED_VARIABLE = YES;
				IPHONEOS_DEPLOYMENT_TARGET = 17.4;
				LOCALIZATION_PREFERS_STRING_CATALOGS = YES;
				MTL_ENABLE_DEBUG_INFO = NO;
				MTL_FAST_MATH = YES;
				SDKROOT = iphoneos;
				SWIFT_COMPILATION_MODE = wholemodule;
				VALIDATE_PRODUCT = YES;
			};
			name = Release;
		};
		81C2F10F2C2C120C00253193 /* Debug */ = {
			isa = XCBuildConfiguration;
			buildSettings = {
				ASSETCATALOG_COMPILER_APPICON_NAME = AppIcon;
				ASSETCATALOG_COMPILER_GLOBAL_ACCENT_COLOR_NAME = AccentColor;
				CODE_SIGN_STYLE = Automatic;
				CURRENT_PROJECT_VERSION = 1;
				DEVELOPMENT_ASSET_PATHS = "\"Game catalog/Preview Content\"";
				DEVELOPMENT_TEAM = V6Z63JTKRK;
				ENABLE_PREVIEWS = YES;
				GENERATE_INFOPLIST_FILE = YES;
				INFOPLIST_KEY_UIApplicationSceneManifest_Generation = YES;
				INFOPLIST_KEY_UIApplicationSupportsIndirectInputEvents = YES;
				INFOPLIST_KEY_UILaunchScreen_Generation = YES;
				INFOPLIST_KEY_UISupportedInterfaceOrientations_iPad = "UIInterfaceOrientationPortrait UIInterfaceOrientationPortraitUpsideDown UIInterfaceOrientationLandscapeLeft UIInterfaceOrientationLandscapeRight";
				INFOPLIST_KEY_UISupportedInterfaceOrientations_iPhone = "UIInterfaceOrientationPortrait UIInterfaceOrientationLandscapeLeft UIInterfaceOrientationLandscapeRight";
				LD_RUNPATH_SEARCH_PATHS = (
					"$(inherited)",
					"@executable_path/Frameworks",
				);
				MARKETING_VERSION = 1.0;
				PRODUCT_BUNDLE_IDENTIFIER = "com.LaluIman.Game-catalog";
				PRODUCT_NAME = "$(TARGET_NAME)";
				SWIFT_EMIT_LOC_STRINGS = YES;
				SWIFT_VERSION = 5.0;
				TARGETED_DEVICE_FAMILY = "1,2";
			};
			name = Debug;
		};
		81C2F1102C2C120C00253193 /* Release */ = {
			isa = XCBuildConfiguration;
			buildSettings = {
				ASSETCATALOG_COMPILER_APPICON_NAME = AppIcon;
				ASSETCATALOG_COMPILER_GLOBAL_ACCENT_COLOR_NAME = AccentColor;
				CODE_SIGN_STYLE = Automatic;
				CURRENT_PROJECT_VERSION = 1;
				DEVELOPMENT_ASSET_PATHS = "\"Game catalog/Preview Content\"";
				DEVELOPMENT_TEAM = V6Z63JTKRK;
				ENABLE_PREVIEWS = YES;
				GENERATE_INFOPLIST_FILE = YES;
				INFOPLIST_KEY_UIApplicationSceneManifest_Generation = YES;
				INFOPLIST_KEY_UIApplicationSupportsIndirectInputEvents = YES;
				INFOPLIST_KEY_UILaunchScreen_Generation = YES;
				INFOPLIST_KEY_UISupportedInterfaceOrientations_iPad = "UIInterfaceOrientationPortrait UIInterfaceOrientationPortraitUpsideDown UIInterfaceOrientationLandscapeLeft UIInterfaceOrientationLandscapeRight";
				INFOPLIST_KEY_UISupportedInterfaceOrientations_iPhone = "UIInterfaceOrientationPortrait UIInterfaceOrientationLandscapeLeft UIInterfaceOrientationLandscapeRight";
				LD_RUNPATH_SEARCH_PATHS = (
					"$(inherited)",
					"@executable_path/Frameworks",
				);
				MARKETING_VERSION = 1.0;
				PRODUCT_BUNDLE_IDENTIFIER = "com.LaluIman.Game-catalog";
				PRODUCT_NAME = "$(TARGET_NAME)";
				SWIFT_EMIT_LOC_STRINGS = YES;
				SWIFT_VERSION = 5.0;
				TARGETED_DEVICE_FAMILY = "1,2";
			};
			name = Release;
		};
/* End XCBuildConfiguration section */

/* Begin XCConfigurationList section */
		81C2F0E52C2C120900253193 /* Build configuration list for PBXProject "Game catalog" */ = {
			isa = XCConfigurationList;
			buildConfigurations = (
				81C2F10C2C2C120C00253193 /* Debug */,
				81C2F10D2C2C120C00253193 /* Release */,
			);
			defaultConfigurationIsVisible = 0;
			defaultConfigurationName = Release;
		};
		81C2F10E2C2C120C00253193 /* Build configuration list for PBXNativeTarget "Game catalog" */ = {
			isa = XCConfigurationList;
			buildConfigurations = (
				81C2F10F2C2C120C00253193 /* Debug */,
				81C2F1102C2C120C00253193 /* Release */,
			);
			defaultConfigurationIsVisible = 0;
			defaultConfigurationName = Release;
		};
/* End XCConfigurationList section */

/* Begin XCVersionGroup section */
		8140F2382C311B68000B8A6B /* FavoriteGame.xcdatamodeld */ = {
			isa = XCVersionGroup;
			children = (
				8140F2392C311B68000B8A6B /* FavoriteGame.xcdatamodel */,
			);
			currentVersion = 8140F2392C311B68000B8A6B /* FavoriteGame.xcdatamodel */;
			name = FavoriteGame.xcdatamodeld;
			path = "/Users/macbookm1/Documents/ITmabruh/IOS APP/Game catalog/Game catalog/CoreData/FavoriteGame.xcdatamodeld";
			sourceTree = "<group>";
			versionGroupType = wrapper.xcdatamodel;
		};
/* End XCVersionGroup section */
	};
	rootObject = 81C2F0E22C2C120900253193 /* Project object */;
}
