// !$*UTF8*$!
{
	archiveVersion = 1;
	classes = {
	};
	objectVersion = 56;
	objects = {

/* Begin PBXBuildFile section */
		814797E22C2D029600B1444C /* GameCard.swift in Sources */ = {isa = PBXBuildFile; fileRef = 814797E12C2D029600B1444C /* GameCard.swift */; };
		814797E42C2D0E9D00B1444C /* ContentView.swift in Sources */ = {isa = PBXBuildFile; fileRef = 814797E32C2D0E9D00B1444C /* ContentView.swift */; };
		814797E62C2D0EBD00B1444C /* SearchView.swift in Sources */ = {isa = PBXBuildFile; fileRef = 814797E52C2D0EBD00B1444C /* SearchView.swift */; };
		81C2F0EE2C2C120900253193 /* Game_catalogApp.swift in Sources */ = {isa = PBXBuildFile; fileRef = 81C2F0ED2C2C120900253193 /* Game_catalogApp.swift */; };
		81C2F0F22C2C120B00253193 /* Assets.xcassets in Resources */ = {isa = PBXBuildFile; fileRef = 81C2F0F12C2C120B00253193 /* Assets.xcassets */; };
		81C2F0F52C2C120B00253193 /* Preview Assets.xcassets in Resources */ = {isa = PBXBuildFile; fileRef = 81C2F0F42C2C120B00253193 /* Preview Assets.xcassets */; };
		81C2F0FF2C2C120C00253193 /* Game_catalogTests.swift in Sources */ = {isa = PBXBuildFile; fileRef = 81C2F0FE2C2C120C00253193 /* Game_catalogTests.swift */; };
		81C2F1092C2C120C00253193 /* Game_catalogUITests.swift in Sources */ = {isa = PBXBuildFile; fileRef = 81C2F1082C2C120C00253193 /* Game_catalogUITests.swift */; };
		81C2F10B2C2C120C00253193 /* Game_catalogUITestsLaunchTests.swift in Sources */ = {isa = PBXBuildFile; fileRef = 81C2F10A2C2C120C00253193 /* Game_catalogUITestsLaunchTests.swift */; };
		81C2F11B2C2C157C00253193 /* GameModel.swift in Sources */ = {isa = PBXBuildFile; fileRef = 81C2F11A2C2C157C00253193 /* GameModel.swift */; };
		81C2F11D2C2C159100253193 /* GameManager.swift in Sources */ = {isa = PBXBuildFile; fileRef = 81C2F11C2C2C159100253193 /* GameManager.swift */; };
		81C2F11F2C2C15AF00253193 /* NetworkManager.swift in Sources */ = {isa = PBXBuildFile; fileRef = 81C2F11E2C2C15AF00253193 /* NetworkManager.swift */; };
		81C2F1212C2C15C400253193 /* HomeView.swift in Sources */ = {isa = PBXBuildFile; fileRef = 81C2F1202C2C15C400253193 /* HomeView.swift */; };
		81C2F1232C2C15D800253193 /* AboutView.swift in Sources */ = {isa = PBXBuildFile; fileRef = 81C2F1222C2C15D800253193 /* AboutView.swift */; };
		81C2F1252C2C15E900253193 /* DetailView.swift in Sources */ = {isa = PBXBuildFile; fileRef = 81C2F1242C2C15E900253193 /* DetailView.swift */; };
		81C2F1272C2C21F400253193 /* GameRow.swift in Sources */ = {isa = PBXBuildFile; fileRef = 81C2F1262C2C21F400253193 /* GameRow.swift */; };
		81C2F1292C2C2A6B00253193 /* TabssView.swift in Sources */ = {isa = PBXBuildFile; fileRef = 81C2F1282C2C2A6B00253193 /* TabssView.swift */; };
/* End PBXBuildFile section */

/* Begin PBXContainerItemProxy section */
		81C2F0FB2C2C120C00253193 /* PBXContainerItemProxy */ = {
			isa = PBXContainerItemProxy;
			containerPortal = 81C2F0E22C2C120900253193 /* Project object */;
			proxyType = 1;
			remoteGlobalIDString = 81C2F0E92C2C120900253193;
			remoteInfo = "Game catalog";
		};
		81C2F1052C2C120C00253193 /* PBXContainerItemProxy */ = {
			isa = PBXContainerItemProxy;
			containerPortal = 81C2F0E22C2C120900253193 /* Project object */;
			proxyType = 1;
			remoteGlobalIDString = 81C2F0E92C2C120900253193;
			remoteInfo = "Game catalog";
		};
/* End PBXContainerItemProxy section */

/* Begin PBXFileReference section */
		814797E12C2D029600B1444C /* GameCard.swift */ = {isa = PBXFileReference; lastKnownFileType = sourcecode.swift; path = GameCard.swift; sourceTree = "<group>"; };
		814797E32C2D0E9D00B1444C /* ContentView.swift */ = {isa = PBXFileReference; lastKnownFileType = sourcecode.swift; path = ContentView.swift; sourceTree = "<group>"; };
		814797E52C2D0EBD00B1444C /* SearchView.swift */ = {isa = PBXFileReference; lastKnownFileType = sourcecode.swift; path = SearchView.swift; sourceTree = "<group>"; };
		81C2F0EA2C2C120900253193 /* Game catalog.app */ = {isa = PBXFileReference; explicitFileType = wrapper.application; includeInIndex = 0; path = "Game catalog.app"; sourceTree = BUILT_PRODUCTS_DIR; };
		81C2F0ED2C2C120900253193 /* Game_catalogApp.swift */ = {isa = PBXFileReference; lastKnownFileType = sourcecode.swift; path = Game_catalogApp.swift; sourceTree = "<group>"; };
		81C2F0F12C2C120B00253193 /* Assets.xcassets */ = {isa = PBXFileReference; lastKnownFileType = folder.assetcatalog; path = Assets.xcassets; sourceTree = "<group>"; };
		81C2F0F42C2C120B00253193 /* Preview Assets.xcassets */ = {isa = PBXFileReference; lastKnownFileType = folder.assetcatalog; path = "Preview Assets.xcassets"; sourceTree = "<group>"; };
		81C2F0FA2C2C120C00253193 /* Game catalogTests.xctest */ = {isa = PBXFileReference; explicitFileType = wrapper.cfbundle; includeInIndex = 0; path = "Game catalogTests.xctest"; sourceTree = BUILT_PRODUCTS_DIR; };
		81C2F0FE2C2C120C00253193 /* Game_catalogTests.swift */ = {isa = PBXFileReference; lastKnownFileType = sourcecode.swift; path = Game_catalogTests.swift; sourceTree = "<group>"; };
		81C2F1042C2C120C00253193 /* Game catalogUITests.xctest */ = {isa = PBXFileReference; explicitFileType = wrapper.cfbundle; includeInIndex = 0; path = "Game catalogUITests.xctest"; sourceTree = BUILT_PRODUCTS_DIR; };
		81C2F1082C2C120C00253193 /* Game_catalogUITests.swift */ = {isa = PBXFileReference; lastKnownFileType = sourcecode.swift; path = Game_catalogUITests.swift; sourceTree = "<group>"; };
		81C2F10A2C2C120C00253193 /* Game_catalogUITestsLaunchTests.swift */ = {isa = PBXFileReference; lastKnownFileType = sourcecode.swift; path = Game_catalogUITestsLaunchTests.swift; sourceTree = "<group>"; };
		81C2F11A2C2C157C00253193 /* GameModel.swift */ = {isa = PBXFileReference; lastKnownFileType = sourcecode.swift; path = GameModel.swift; sourceTree = "<group>"; };
		81C2F11C2C2C159100253193 /* GameManager.swift */ = {isa = PBXFileReference; lastKnownFileType = sourcecode.swift; path = GameManager.swift; sourceTree = "<group>"; };
		81C2F11E2C2C15AF00253193 /* NetworkManager.swift */ = {isa = PBXFileReference; lastKnownFileType = sourcecode.swift; path = NetworkManager.swift; sourceTree = "<group>"; };
		81C2F1202C2C15C400253193 /* HomeView.swift */ = {isa = PBXFileReference; lastKnownFileType = sourcecode.swift; path = HomeView.swift; sourceTree = "<group>"; };
		81C2F1222C2C15D800253193 /* AboutView.swift */ = {isa = PBXFileReference; lastKnownFileType = sourcecode.swift; path = AboutView.swift; sourceTree = "<group>"; };
		81C2F1242C2C15E900253193 /* DetailView.swift */ = {isa = PBXFileReference; lastKnownFileType = sourcecode.swift; path = DetailView.swift; sourceTree = "<group>"; };
		81C2F1262C2C21F400253193 /* GameRow.swift */ = {isa = PBXFileReference; lastKnownFileType = sourcecode.swift; path = GameRow.swift; sourceTree = "<group>"; };
		81C2F1282C2C2A6B00253193 /* TabssView.swift */ = {isa = PBXFileReference; lastKnownFileType = sourcecode.swift; path = TabssView.swift; sourceTree = "<group>"; };
/* End PBXFileReference section */

/* Begin PBXFrameworksBuildPhase section */
		81C2F0E72C2C120900253193 /* Frameworks */ = {
			isa = PBXFrameworksBuildPhase;
			buildActionMask = 2147483647;
			files = (
			);
			runOnlyForDeploymentPostprocessing = 0;
		};
		81C2F0F72C2C120C00253193 /* Frameworks */ = {
			isa = PBXFrameworksBuildPhase;
			buildActionMask = 2147483647;
			files = (
			);
			runOnlyForDeploymentPostprocessing = 0;
		};
		81C2F1012C2C120C00253193 /* Frameworks */ = {
			isa = PBXFrameworksBuildPhase;
			buildActionMask = 2147483647;
			files = (
			);
			runOnlyForDeploymentPostprocessing = 0;
		};
/* End PBXFrameworksBuildPhase section */

/* Begin PBXGroup section */
		81C2F0E12C2C120900253193 = {
			isa = PBXGroup;
			children = (
				81C2F0EC2C2C120900253193 /* Game catalog */,
				81C2F0FD2C2C120C00253193 /* Game catalogTests */,
				81C2F1072C2C120C00253193 /* Game catalogUITests */,
				81C2F0EB2C2C120900253193 /* Products */,
			);
			sourceTree = "<group>";
		};
		81C2F0EB2C2C120900253193 /* Products */ = {
			isa = PBXGroup;
			children = (
				81C2F0EA2C2C120900253193 /* Game catalog.app */,
				81C2F0FA2C2C120C00253193 /* Game catalogTests.xctest */,
				81C2F1042C2C120C00253193 /* Game catalogUITests.xctest */,
			);
			name = Products;
			sourceTree = "<group>";
		};
		81C2F0EC2C2C120900253193 /* Game catalog */ = {
			isa = PBXGroup;
			children = (
				81C2F0ED2C2C120900253193 /* Game_catalogApp.swift */,
				814797E32C2D0E9D00B1444C /* ContentView.swift */,
				81C2F1192C2C157000253193 /* View */,
				81C2F1182C2C156A00253193 /* ViewModel */,
				81C2F1172C2C156400253193 /* Model */,
				81C2F0F12C2C120B00253193 /* Assets.xcassets */,
				81C2F0F32C2C120B00253193 /* Preview Content */,
			);
			path = "Game catalog";
			sourceTree = "<group>";
		};
		81C2F0F32C2C120B00253193 /* Preview Content */ = {
			isa = PBXGroup;
			children = (
				81C2F0F42C2C120B00253193 /* Preview Assets.xcassets */,
			);
			path = "Preview Content";
			sourceTree = "<group>";
		};
		81C2F0FD2C2C120C00253193 /* Game catalogTests */ = {
			isa = PBXGroup;
			children = (
				81C2F0FE2C2C120C00253193 /* Game_catalogTests.swift */,
			);
			path = "Game catalogTests";
			sourceTree = "<group>";
		};
		81C2F1072C2C120C00253193 /* Game catalogUITests */ = {
			isa = PBXGroup;
			children = (
				81C2F1082C2C120C00253193 /* Game_catalogUITests.swift */,
				81C2F10A2C2C120C00253193 /* Game_catalogUITestsLaunchTests.swift */,
			);
			path = "Game catalogUITests";
			sourceTree = "<group>";
		};
		81C2F1172C2C156400253193 /* Model */ = {
			isa = PBXGroup;
			children = (
				81C2F11A2C2C157C00253193 /* GameModel.swift */,
				81C2F11C2C2C159100253193 /* GameManager.swift */,
			);
			path = Model;
			sourceTree = "<group>";
		};
		81C2F1182C2C156A00253193 /* ViewModel */ = {
			isa = PBXGroup;
			children = (
				81C2F11E2C2C15AF00253193 /* NetworkManager.swift */,
			);
			path = ViewModel;
			sourceTree = "<group>";
		};
		81C2F1192C2C157000253193 /* View */ = {
			isa = PBXGroup;
			children = (
				81C2F1282C2C2A6B00253193 /* TabssView.swift */,
				81C2F1202C2C15C400253193 /* HomeView.swift */,
				81C2F1222C2C15D800253193 /* AboutView.swift */,
				81C2F1242C2C15E900253193 /* DetailView.swift */,
				814797E12C2D029600B1444C /* GameCard.swift */,
				81C2F1262C2C21F400253193 /* GameRow.swift */,
				814797E52C2D0EBD00B1444C /* SearchView.swift */,
			);
			path = View;
			sourceTree = "<group>";
		};
/* End PBXGroup section */

/* Begin PBXNativeTarget section */
		81C2F0E92C2C120900253193 /* Game catalog */ = {
			isa = PBXNativeTarget;
			buildConfigurationList = 81C2F10E2C2C120C00253193 /* Build configuration list for PBXNativeTarget "Game catalog" */;
			buildPhases = (
				81C2F0E62C2C120900253193 /* Sources */,
				81C2F0E72C2C120900253193 /* Frameworks */,
				81C2F0E82C2C120900253193 /* Resources */,
			);
			buildRules = (
			);
			dependencies = (
			);
			name = "Game catalog";
			productName = "Game catalog";
			productReference = 81C2F0EA2C2C120900253193 /* Game catalog.app */;
			productType = "com.apple.product-type.application";
		};
		81C2F0F92C2C120C00253193 /* Game catalogTests */ = {
			isa = PBXNativeTarget;
			buildConfigurationList = 81C2F1112C2C120C00253193 /* Build configuration list for PBXNativeTarget "Game catalogTests" */;
			buildPhases = (
				81C2F0F62C2C120C00253193 /* Sources */,
				81C2F0F72C2C120C00253193 /* Frameworks */,
				81C2F0F82C2C120C00253193 /* Resources */,
			);
			buildRules = (
			);
			dependencies = (
				81C2F0FC2C2C120C00253193 /* PBXTargetDependency */,
			);
			name = "Game catalogTests";
			productName = "Game catalogTests";
			productReference = 81C2F0FA2C2C120C00253193 /* Game catalogTests.xctest */;
			productType = "com.apple.product-type.bundle.unit-test";
		};
		81C2F1032C2C120C00253193 /* Game catalogUITests */ = {
			isa = PBXNativeTarget;
			buildConfigurationList = 81C2F1142C2C120C00253193 /* Build configuration list for PBXNativeTarget "Game catalogUITests" */;
			buildPhases = (
				81C2F1002C2C120C00253193 /* Sources */,
				81C2F1012C2C120C00253193 /* Frameworks */,
				81C2F1022C2C120C00253193 /* Resources */,
			);
			buildRules = (
			);
			dependencies = (
				81C2F1062C2C120C00253193 /* PBXTargetDependency */,
			);
			name = "Game catalogUITests";
			productName = "Game catalogUITests";
			productReference = 81C2F1042C2C120C00253193 /* Game catalogUITests.xctest */;
			productType = "com.apple.product-type.bundle.ui-testing";
		};
/* End PBXNativeTarget section */

/* Begin PBXProject section */
		81C2F0E22C2C120900253193 /* Project object */ = {
			isa = PBXProject;
			attributes = {
				BuildIndependentTargetsInParallel = 1;
				LastSwiftUpdateCheck = 1530;
				LastUpgradeCheck = 1530;
				TargetAttributes = {
					81C2F0E92C2C120900253193 = {
						CreatedOnToolsVersion = 15.3;
					};
					81C2F0F92C2C120C00253193 = {
						CreatedOnToolsVersion = 15.3;
						TestTargetID = 81C2F0E92C2C120900253193;
					};
					81C2F1032C2C120C00253193 = {
						CreatedOnToolsVersion = 15.3;
						TestTargetID = 81C2F0E92C2C120900253193;
					};
				};
			};
			buildConfigurationList = 81C2F0E52C2C120900253193 /* Build configuration list for PBXProject "Game catalog" */;
			compatibilityVersion = "Xcode 14.0";
			developmentRegion = en;
			hasScannedForEncodings = 0;
			knownRegions = (
				en,
				Base,
			);
			mainGroup = 81C2F0E12C2C120900253193;
			productRefGroup = 81C2F0EB2C2C120900253193 /* Products */;
			projectDirPath = "";
			projectRoot = "";
			targets = (
				81C2F0E92C2C120900253193 /* Game catalog */,
				81C2F0F92C2C120C00253193 /* Game catalogTests */,
				81C2F1032C2C120C00253193 /* Game catalogUITests */,
			);
		};
/* End PBXProject section */

/* Begin PBXResourcesBuildPhase section */
		81C2F0E82C2C120900253193 /* Resources */ = {
			isa = PBXResourcesBuildPhase;
			buildActionMask = 2147483647;
			files = (
				81C2F0F52C2C120B00253193 /* Preview Assets.xcassets in Resources */,
				81C2F0F22C2C120B00253193 /* Assets.xcassets in Resources */,
			);
			runOnlyForDeploymentPostprocessing = 0;
		};
		81C2F0F82C2C120C00253193 /* Resources */ = {
			isa = PBXResourcesBuildPhase;
			buildActionMask = 2147483647;
			files = (
			);
			runOnlyForDeploymentPostprocessing = 0;
		};
		81C2F1022C2C120C00253193 /* Resources */ = {
			isa = PBXResourcesBuildPhase;
			buildActionMask = 2147483647;
			files = (
			);
			runOnlyForDeploymentPostprocessing = 0;
		};
/* End PBXResourcesBuildPhase section */

/* Begin PBXSourcesBuildPhase section */
		81C2F0E62C2C120900253193 /* Sources */ = {
			isa = PBXSourcesBuildPhase;
			buildActionMask = 2147483647;
			files = (
				81C2F11D2C2C159100253193 /* GameManager.swift in Sources */,
				814797E42C2D0E9D00B1444C /* ContentView.swift in Sources */,
				81C2F1252C2C15E900253193 /* DetailView.swift in Sources */,
				81C2F1272C2C21F400253193 /* GameRow.swift in Sources */,
				814797E62C2D0EBD00B1444C /* SearchView.swift in Sources */,
				81C2F1232C2C15D800253193 /* AboutView.swift in Sources */,
				81C2F1292C2C2A6B00253193 /* TabssView.swift in Sources */,
				814797E22C2D029600B1444C /* GameCard.swift in Sources */,
				81C2F11F2C2C15AF00253193 /* NetworkManager.swift in Sources */,
				81C2F1212C2C15C400253193 /* HomeView.swift in Sources */,
				81C2F0EE2C2C120900253193 /* Game_catalogApp.swift in Sources */,
				81C2F11B2C2C157C00253193 /* GameModel.swift in Sources */,
			);
			runOnlyForDeploymentPostprocessing = 0;
		};
		81C2F0F62C2C120C00253193 /* Sources */ = {
			isa = PBXSourcesBuildPhase;
			buildActionMask = 2147483647;
			files = (
				81C2F0FF2C2C120C00253193 /* Game_catalogTests.swift in Sources */,
			);
			runOnlyForDeploymentPostprocessing = 0;
		};
		81C2F1002C2C120C00253193 /* Sources */ = {
			isa = PBXSourcesBuildPhase;
			buildActionMask = 2147483647;
			files = (
				81C2F10B2C2C120C00253193 /* Game_catalogUITestsLaunchTests.swift in Sources */,
				81C2F1092C2C120C00253193 /* Game_catalogUITests.swift in Sources */,
			);
			runOnlyForDeploymentPostprocessing = 0;
		};
/* End PBXSourcesBuildPhase section */

/* Begin PBXTargetDependency section */
		81C2F0FC2C2C120C00253193 /* PBXTargetDependency */ = {
			isa = PBXTargetDependency;
			target = 81C2F0E92C2C120900253193 /* Game catalog */;
			targetProxy = 81C2F0FB2C2C120C00253193 /* PBXContainerItemProxy */;
		};
		81C2F1062C2C120C00253193 /* PBXTargetDependency */ = {
			isa = PBXTargetDependency;
			target = 81C2F0E92C2C120900253193 /* Game catalog */;
			targetProxy = 81C2F1052C2C120C00253193 /* PBXContainerItemProxy */;
		};
/* End PBXTargetDependency section */

/* Begin XCBuildConfiguration section */
		81C2F10C2C2C120C00253193 /* Debug */ = {
			isa = XCBuildConfiguration;
			buildSettings = {
				ALWAYS_SEARCH_USER_PATHS = NO;
				ASSETCATALOG_COMPILER_GENERATE_SWIFT_ASSET_SYMBOL_EXTENSIONS = YES;
				CLANG_ANALYZER_NONNULL = YES;
				CLANG_ANALYZER_NUMBER_OBJECT_CONVERSION = YES_AGGRESSIVE;
				CLANG_CXX_LANGUAGE_STANDARD = "gnu++20";
				CLANG_ENABLE_MODULES = YES;
				CLANG_ENABLE_OBJC_ARC = YES;
				CLANG_ENABLE_OBJC_WEAK = YES;
				CLANG_WARN_BLOCK_CAPTURE_AUTORELEASING = YES;
				CLANG_WARN_BOOL_CONVERSION = YES;
				CLANG_WARN_COMMA = YES;
				CLANG_WARN_CONSTANT_CONVERSION = YES;
				CLANG_WARN_DEPRECATED_OBJC_IMPLEMENTATIONS = YES;
				CLANG_WARN_DIRECT_OBJC_ISA_USAGE = YES_ERROR;
				CLANG_WARN_DOCUMENTATION_COMMENTS = YES;
				CLANG_WARN_EMPTY_BODY = YES;
				CLANG_WARN_ENUM_CONVERSION = YES;
				CLANG_WARN_INFINITE_RECURSION = YES;
				CLANG_WARN_INT_CONVERSION = YES;
				CLANG_WARN_NON_LITERAL_NULL_CONVERSION = YES;
				CLANG_WARN_OBJC_IMPLICIT_RETAIN_SELF = YES;
				CLANG_WARN_OBJC_LITERAL_CONVERSION = YES;
				CLANG_WARN_OBJC_ROOT_CLASS = YES_ERROR;
				CLANG_WARN_QUOTED_INCLUDE_IN_FRAMEWORK_HEADER = YES;
				CLANG_WARN_RANGE_LOOP_ANALYSIS = YES;
				CLANG_WARN_STRICT_PROTOTYPES = YES;
				CLANG_WARN_SUSPICIOUS_MOVE = YES;
				CLANG_WARN_UNGUARDED_AVAILABILITY = YES_AGGRESSIVE;
				CLANG_WARN_UNREACHABLE_CODE = YES;
				CLANG_WARN__DUPLICATE_METHOD_MATCH = YES;
				COPY_PHASE_STRIP = NO;
				DEBUG_INFORMATION_FORMAT = dwarf;
				ENABLE_STRICT_OBJC_MSGSEND = YES;
				ENABLE_TESTABILITY = YES;
				ENABLE_USER_SCRIPT_SANDBOXING = YES;
				GCC_C_LANGUAGE_STANDARD = gnu17;
				GCC_DYNAMIC_NO_PIC = NO;
				GCC_NO_COMMON_BLOCKS = YES;
				GCC_OPTIMIZATION_LEVEL = 0;
				GCC_PREPROCESSOR_DEFINITIONS = (
					"DEBUG=1",
					"$(inherited)",
				);
				GCC_WARN_64_TO_32_BIT_CONVERSION = YES;
				GCC_WARN_ABOUT_RETURN_TYPE = YES_ERROR;
				GCC_WARN_UNDECLARED_SELECTOR = YES;
				GCC_WARN_UNINITIALIZED_AUTOS = YES_AGGRESSIVE;
				GCC_WARN_UNUSED_FUNCTION = YES;
				GCC_WARN_UNUSED_VARIABLE = YES;
				IPHONEOS_DEPLOYMENT_TARGET = 17.4;
				LOCALIZATION_PREFERS_STRING_CATALOGS = YES;
				MTL_ENABLE_DEBUG_INFO = INCLUDE_SOURCE;
				MTL_FAST_MATH = YES;
				ONLY_ACTIVE_ARCH = YES;
				SDKROOT = iphoneos;
				SWIFT_ACTIVE_COMPILATION_CONDITIONS = "DEBUG $(inherited)";
				SWIFT_OPTIMIZATION_LEVEL = "-Onone";
			};
			name = Debug;
		};
		81C2F10D2C2C120C00253193 /* Release */ = {
			isa = XCBuildConfiguration;
			buildSettings = {
				ALWAYS_SEARCH_USER_PATHS = NO;
				ASSETCATALOG_COMPILER_GENERATE_SWIFT_ASSET_SYMBOL_EXTENSIONS = YES;
				CLANG_ANALYZER_NONNULL = YES;
				CLANG_ANALYZER_NUMBER_OBJECT_CONVERSION = YES_AGGRESSIVE;
				CLANG_CXX_LANGUAGE_STANDARD = "gnu++20";
				CLANG_ENABLE_MODULES = YES;
				CLANG_ENABLE_OBJC_ARC = YES;
				CLANG_ENABLE_OBJC_WEAK = YES;
				CLANG_WARN_BLOCK_CAPTURE_AUTORELEASING = YES;
				CLANG_WARN_BOOL_CONVERSION = YES;
				CLANG_WARN_COMMA = YES;
				CLANG_WARN_CONSTANT_CONVERSION = YES;
				CLANG_WARN_DEPRECATED_OBJC_IMPLEMENTATIONS = YES;
				CLANG_WARN_DIRECT_OBJC_ISA_USAGE = YES_ERROR;
				CLANG_WARN_DOCUMENTATION_COMMENTS = YES;
				CLANG_WARN_EMPTY_BODY = YES;
				CLANG_WARN_ENUM_CONVERSION = YES;
				CLANG_WARN_INFINITE_RECURSION = YES;
				CLANG_WARN_INT_CONVERSION = YES;
				CLANG_WARN_NON_LITERAL_NULL_CONVERSION = YES;
				CLANG_WARN_OBJC_IMPLICIT_RETAIN_SELF = YES;
				CLANG_WARN_OBJC_LITERAL_CONVERSION = YES;
				CLANG_WARN_OBJC_ROOT_CLASS = YES_ERROR;
				CLANG_WARN_QUOTED_INCLUDE_IN_FRAMEWORK_HEADER = YES;
				CLANG_WARN_RANGE_LOOP_ANALYSIS = YES;
				CLANG_WARN_STRICT_PROTOTYPES = YES;
				CLANG_WARN_SUSPICIOUS_MOVE = YES;
				CLANG_WARN_UNGUARDED_AVAILABILITY = YES_AGGRESSIVE;
				CLANG_WARN_UNREACHABLE_CODE = YES;
				CLANG_WARN__DUPLICATE_METHOD_MATCH = YES;
				COPY_PHASE_STRIP = NO;
				DEBUG_INFORMATION_FORMAT = "dwarf-with-dsym";
				ENABLE_NS_ASSERTIONS = NO;
				ENABLE_STRICT_OBJC_MSGSEND = YES;
				ENABLE_USER_SCRIPT_SANDBOXING = YES;
				GCC_C_LANGUAGE_STANDARD = gnu17;
				GCC_NO_COMMON_BLOCKS = YES;
				GCC_WARN_64_TO_32_BIT_CONVERSION = YES;
				GCC_WARN_ABOUT_RETURN_TYPE = YES_ERROR;
				GCC_WARN_UNDECLARED_SELECTOR = YES;
				GCC_WARN_UNINITIALIZED_AUTOS = YES_AGGRESSIVE;
				GCC_WARN_UNUSED_FUNCTION = YES;
				GCC_WARN_UNUSED_VARIABLE = YES;
				IPHONEOS_DEPLOYMENT_TARGET = 17.4;
				LOCALIZATION_PREFERS_STRING_CATALOGS = YES;
				MTL_ENABLE_DEBUG_INFO = NO;
				MTL_FAST_MATH = YES;
				SDKROOT = iphoneos;
				SWIFT_COMPILATION_MODE = wholemodule;
				VALIDATE_PRODUCT = YES;
			};
			name = Release;
		};
		81C2F10F2C2C120C00253193 /* Debug */ = {
			isa = XCBuildConfiguration;
			buildSettings = {
				ASSETCATALOG_COMPILER_APPICON_NAME = AppIcon;
				ASSETCATALOG_COMPILER_GLOBAL_ACCENT_COLOR_NAME = AccentColor;
				CODE_SIGN_STYLE = Automatic;
				CURRENT_PROJECT_VERSION = 1;
				DEVELOPMENT_ASSET_PATHS = "\"Game catalog/Preview Content\"";
				DEVELOPMENT_TEAM = V6Z63JTKRK;
				ENABLE_PREVIEWS = YES;
				GENERATE_INFOPLIST_FILE = YES;
				INFOPLIST_KEY_UIApplicationSceneManifest_Generation = YES;
				INFOPLIST_KEY_UIApplicationSupportsIndirectInputEvents = YES;
				INFOPLIST_KEY_UILaunchScreen_Generation = YES;
				INFOPLIST_KEY_UISupportedInterfaceOrientations_iPad = "UIInterfaceOrientationPortrait UIInterfaceOrientationPortraitUpsideDown UIInterfaceOrientationLandscapeLeft UIInterfaceOrientationLandscapeRight";
				INFOPLIST_KEY_UISupportedInterfaceOrientations_iPhone = "UIInterfaceOrientationPortrait UIInterfaceOrientationLandscapeLeft UIInterfaceOrientationLandscapeRight";
				LD_RUNPATH_SEARCH_PATHS = (
					"$(inherited)",
					"@executable_path/Frameworks",
				);
				MARKETING_VERSION = 1.0;
				PRODUCT_BUNDLE_IDENTIFIER = "com.LaluIman.Game-catalog";
				PRODUCT_NAME = "$(TARGET_NAME)";
				SWIFT_EMIT_LOC_STRINGS = YES;
				SWIFT_VERSION = 5.0;
				TARGETED_DEVICE_FAMILY = "1,2";
			};
			name = Debug;
		};
		81C2F1102C2C120C00253193 /* Release */ = {
			isa = XCBuildConfiguration;
			buildSettings = {
				ASSETCATALOG_COMPILER_APPICON_NAME = AppIcon;
				ASSETCATALOG_COMPILER_GLOBAL_ACCENT_COLOR_NAME = AccentColor;
				CODE_SIGN_STYLE = Automatic;
				CURRENT_PROJECT_VERSION = 1;
				DEVELOPMENT_ASSET_PATHS = "\"Game catalog/Preview Content\"";
				DEVELOPMENT_TEAM = V6Z63JTKRK;
				ENABLE_PREVIEWS = YES;
				GENERATE_INFOPLIST_FILE = YES;
				INFOPLIST_KEY_UIApplicationSceneManifest_Generation = YES;
				INFOPLIST_KEY_UIApplicationSupportsIndirectInputEvents = YES;
				INFOPLIST_KEY_UILaunchScreen_Generation = YES;
				INFOPLIST_KEY_UISupportedInterfaceOrientations_iPad = "UIInterfaceOrientationPortrait UIInterfaceOrientationPortraitUpsideDown UIInterfaceOrientationLandscapeLeft UIInterfaceOrientationLandscapeRight";
				INFOPLIST_KEY_UISupportedInterfaceOrientations_iPhone = "UIInterfaceOrientationPortrait UIInterfaceOrientationLandscapeLeft UIInterfaceOrientationLandscapeRight";
				LD_RUNPATH_SEARCH_PATHS = (
					"$(inherited)",
					"@executable_path/Frameworks",
				);
				MARKETING_VERSION = 1.0;
				PRODUCT_BUNDLE_IDENTIFIER = "com.LaluIman.Game-catalog";
				PRODUCT_NAME = "$(TARGET_NAME)";
				SWIFT_EMIT_LOC_STRINGS = YES;
				SWIFT_VERSION = 5.0;
				TARGETED_DEVICE_FAMILY = "1,2";
			};
			name = Release;
		};
		81C2F1122C2C120C00253193 /* Debug */ = {
			isa = XCBuildConfiguration;
			buildSettings = {
				ALWAYS_EMBED_SWIFT_STANDARD_LIBRARIES = YES;
				BUNDLE_LOADER = "$(TEST_HOST)";
				CODE_SIGN_STYLE = Automatic;
				CURRENT_PROJECT_VERSION = 1;
				DEVELOPMENT_TEAM = V6Z63JTKRK;
				GENERATE_INFOPLIST_FILE = YES;
				IPHONEOS_DEPLOYMENT_TARGET = 17.4;
				MARKETING_VERSION = 1.0;
				PRODUCT_BUNDLE_IDENTIFIER = "com.LaluIman.Game-catalogTests";
				PRODUCT_NAME = "$(TARGET_NAME)";
				SWIFT_EMIT_LOC_STRINGS = NO;
				SWIFT_VERSION = 5.0;
				TARGETED_DEVICE_FAMILY = "1,2";
				TEST_HOST = "$(BUILT_PRODUCTS_DIR)/Game catalog.app/$(BUNDLE_EXECUTABLE_FOLDER_PATH)/Game catalog";
			};
			name = Debug;
		};
		81C2F1132C2C120C00253193 /* Release */ = {
			isa = XCBuildConfiguration;
			buildSettings = {
				ALWAYS_EMBED_SWIFT_STANDARD_LIBRARIES = YES;
				BUNDLE_LOADER = "$(TEST_HOST)";
				CODE_SIGN_STYLE = Automatic;
				CURRENT_PROJECT_VERSION = 1;
				DEVELOPMENT_TEAM = V6Z63JTKRK;
				GENERATE_INFOPLIST_FILE = YES;
				IPHONEOS_DEPLOYMENT_TARGET = 17.4;
				MARKETING_VERSION = 1.0;
				PRODUCT_BUNDLE_IDENTIFIER = "com.LaluIman.Game-catalogTests";
				PRODUCT_NAME = "$(TARGET_NAME)";
				SWIFT_EMIT_LOC_STRINGS = NO;
				SWIFT_VERSION = 5.0;
				TARGETED_DEVICE_FAMILY = "1,2";
				TEST_HOST = "$(BUILT_PRODUCTS_DIR)/Game catalog.app/$(BUNDLE_EXECUTABLE_FOLDER_PATH)/Game catalog";
			};
			name = Release;
		};
		81C2F1152C2C120C00253193 /* Debug */ = {
			isa = XCBuildConfiguration;
			buildSettings = {
				ALWAYS_EMBED_SWIFT_STANDARD_LIBRARIES = YES;
				CODE_SIGN_STYLE = Automatic;
				CURRENT_PROJECT_VERSION = 1;
				DEVELOPMENT_TEAM = V6Z63JTKRK;
				GENERATE_INFOPLIST_FILE = YES;
				MARKETING_VERSION = 1.0;
				PRODUCT_BUNDLE_IDENTIFIER = "com.LaluIman.Game-catalogUITests";
				PRODUCT_NAME = "$(TARGET_NAME)";
				SWIFT_EMIT_LOC_STRINGS = NO;
				SWIFT_VERSION = 5.0;
				TARGETED_DEVICE_FAMILY = "1,2";
				TEST_TARGET_NAME = "Game catalog";
			};
			name = Debug;
		};
		81C2F1162C2C120C00253193 /* Release */ = {
			isa = XCBuildConfiguration;
			buildSettings = {
				ALWAYS_EMBED_SWIFT_STANDARD_LIBRARIES = YES;
				CODE_SIGN_STYLE = Automatic;
				CURRENT_PROJECT_VERSION = 1;
				DEVELOPMENT_TEAM = V6Z63JTKRK;
				GENERATE_INFOPLIST_FILE = YES;
				MARKETING_VERSION = 1.0;
				PRODUCT_BUNDLE_IDENTIFIER = "com.LaluIman.Game-catalogUITests";
				PRODUCT_NAME = "$(TARGET_NAME)";
				SWIFT_EMIT_LOC_STRINGS = NO;
				SWIFT_VERSION = 5.0;
				TARGETED_DEVICE_FAMILY = "1,2";
				TEST_TARGET_NAME = "Game catalog";
			};
			name = Release;
		};
/* End XCBuildConfiguration section */

/* Begin XCConfigurationList section */
		81C2F0E52C2C120900253193 /* Build configuration list for PBXProject "Game catalog" */ = {
			isa = XCConfigurationList;
			buildConfigurations = (
				81C2F10C2C2C120C00253193 /* Debug */,
				81C2F10D2C2C120C00253193 /* Release */,
			);
			defaultConfigurationIsVisible = 0;
			defaultConfigurationName = Release;
		};
		81C2F10E2C2C120C00253193 /* Build configuration list for PBXNativeTarget "Game catalog" */ = {
			isa = XCConfigurationList;
			buildConfigurations = (
				81C2F10F2C2C120C00253193 /* Debug */,
				81C2F1102C2C120C00253193 /* Release */,
			);
			defaultConfigurationIsVisible = 0;
			defaultConfigurationName = Release;
		};
		81C2F1112C2C120C00253193 /* Build configuration list for PBXNativeTarget "Game catalogTests" */ = {
			isa = XCConfigurationList;
			buildConfigurations = (
				81C2F1122C2C120C00253193 /* Debug */,
				81C2F1132C2C120C00253193 /* Release */,
			);
			defaultConfigurationIsVisible = 0;
			defaultConfigurationName = Release;
		};
		81C2F1142C2C120C00253193 /* Build configuration list for PBXNativeTarget "Game catalogUITests" */ = {
			isa = XCConfigurationList;
			buildConfigurations = (
				81C2F1152C2C120C00253193 /* Debug */,
				81C2F1162C2C120C00253193 /* Release */,
			);
			defaultConfigurationIsVisible = 0;
			defaultConfigurationName = Release;
		};
/* End XCConfigurationList section */
	};
	rootObject = 81C2F0E22C2C120900253193 /* Project object */;
}
